{
  "lockfileVersion": 1,
  "configVersion": 1,
  "workspaces": {
    "": {
      "name": "atlantis-utils",
      "devDependencies": {
        "prettier": "^3.9.9",
        "prettier-plugin-organize-imports": "^4.3.0",
        "prettier-plugin-sql": "^0.20.0",
        "supabase": "^2.117.0",
        "typescript": "^6",
      },
    },
  },
  "packages": {
    "@ecies/ciphers": ["@ecies/ciphers@0.2.6", "", { "peerDependencies": { "@noble/ciphers": "^1.0.0" } }, "sha512-patgsRPKGkhhoBjETV4XxD0En4ui5fbX0hzayqI3M8tvNMGUoUvmyYAIWwlxBc1KX5cturfqByYdj5bYGRpN9g=="],

    "@noble/ciphers": ["@noble/ciphers@1.3.0", "", {}, "sha512-2I0gnIVPtfnMw9ee9h1dJG7tp81+8Ob3OJb3Mv37rx5L40/b0i7djjCVvGOVqc9AEIQyvyu1i6ypKdFw8R8gQw=="],

    "@noble/curves": ["@noble/curves@1.9.7", "", { "dependencies": { "@noble/hashes": "1.8.0" } }, "sha512-gbKGcRUYIjA3/zCCNaWDciTMFI0dCkvou3TL8Zmy5Nc7sJ47a0jtOeZoTaMxkuqRo9cRhjOdZJXegxYE5FN/xw=="],

    "@noble/hashes": ["@noble/hashes@1.8.0", "", {}, "sha512-jCs9ldd7NwzpgXDIf6P3+NrHh9/sD6CQdxHyjQI+h/6rDNo88ypBxxz45UDuZHz9r3tNz7N/VInSVoVdtXEI4A=="],

    "@supabase/cli-darwin-arm64": ["@supabase/cli-darwin-arm64@2.117.0", "", { "os": "darwin", "cpu": "arm64" }, "sha512-MQVIxL+B5/U9xiXcUtky0vJQ5Qe0qhGkK2JLGwi5BAo5XxcC+iP+KCsVB1/2zzYT+d+fOlZnKyTFFWYO6Ut1sw=="],

    "@supabase/cli-darwin-x64": ["@supabase/cli-darwin-x64@2.117.0", "", { "os": "darwin", "cpu": "x64" }, "sha512-NMuY3n8Bfe+sPCdrUQQSFkOLFqlQYkg1C0SuqvJG4HVU8ukZ7IH2gy+HFGXNuVitFPapmHTPT8NjbZ+YrunZQw=="],

    "@supabase/cli-linux-arm64": ["@supabase/cli-linux-arm64@2.117.0", "", { "os": "linux", "cpu": "arm64" }, "sha512-CcMHEB8znY9usMJ2dwAKQV06XIYHzLgnq1KY6HzVT9XmXo0qZxTifC/oWgHX39SmCFm7a3HR4K5J95ysYz+8Hg=="],

    "@supabase/cli-linux-arm64-musl": ["@supabase/cli-linux-arm64-musl@2.117.0", "", { "os": "linux", "cpu": "arm64" }, "sha512-n5yZuBbBD5MnWqczezH72GAEfdTBHBk9Ei/pgpCnAJtClei9QQsiN1UZNw2A7K1EP4VWxgO/YZr3gFYgFFH1WQ=="],

    "@supabase/cli-linux-x64": ["@supabase/cli-linux-x64@2.117.0", "", { "os": "linux", "cpu": "x64" }, "sha512-qDJEURD/YajKD/OQ91O9XNHB/LHK9V8xZ9qGiUQCFhP9OAvMQjUT12j8k/mgTe4PqIxigGpfvm+eNxRcKnU9Rw=="],

    "@supabase/cli-linux-x64-musl": ["@supabase/cli-linux-x64-musl@2.117.0", "", { "os": "linux", "cpu": "x64" }, "sha512-rlVDN5kXTOe+50wFN7DywFFx956XoYpEJpDkADvZ3k+qL5+7jGxSzQN/7xhHqlhjtSlHfx4QlxajfOerJNnrlg=="],

    "@supabase/cli-windows-arm64": ["@supabase/cli-windows-arm64@2.117.0", "", { "os": "win32", "cpu": "arm64" }, "sha512-JNjI4dHhogjx1994jNoV9uUMioCrdzfdDJDeq0rZhYEepBGE9W+2gLniBQfQRzGxXK81mg5K3p9CTJYBZzbAKg=="],

    "@supabase/cli-windows-x64": ["@supabase/cli-windows-x64@2.117.0", "", { "os": "win32", "cpu": "x64" }, "sha512-oFmeLMwgWAyQhzPoR6w+eUOfyJcRMNHN2Ju4BxBtpZ9vW+dO1bAsWd7aVVcpn1sgHA/ptM8U48P+se5yZR7BdQ=="],

    "@types/pegjs": ["@types/pegjs@0.10.6", "", {}, "sha512-eLYXDbZWXh2uxf+w8sXS8d6KSoXTswfps6fvCUuVAGN8eRpfe7h9eSRydxiSJvo9Bf+GzifsDOr9TMQlmJdmkw=="],

    "argparse": ["argparse@2.0.1", "", {}, "sha512-8+9WqebbFzpX9OR+Wa6O29asIogeRMzcGtAINdpMHHyAg10f05aSFVBbcEqGf/PXw1EjAZ+q2/bEBg3DvurK3Q=="],

    "big-integer": ["big-integer@1.6.52", "", {}, "sha512-QxD8cf2eVqJOOz63z6JIN9BzvVs/dlySa5HGSBH5xtR8dPteIRQnBxxKqkNTiT6jbDTF6jAfrd4oMcND9RGbQg=="],

    "commander": ["commander@2.20.3", "", {}, "sha512-GpVkmM8vF2vQUkj2LvZmD35JxeJOLCwJ9cUkugyk2nuhbv3+mJvpLYYt+0+USMxE+oj+ey/lJEnhZw75x/OMcQ=="],

    "discontinuous-range": ["discontinuous-range@1.0.0", "", {}, "sha512-c68LpLbO+7kP/b1Hr1qs8/BJ09F5khZGTxqxZuhzxpmwJKOgRFHJWIb9/KmqnqHhLdO55aOxFH/EGBvUQbL/RQ=="],

    "eciesjs": ["eciesjs@0.5.0", "", { "dependencies": { "@ecies/ciphers": "^0.2.6", "@noble/ciphers": "^1.3.0", "@noble/curves": "^1.9.7", "@noble/hashes": "^1.8.0" } }, "sha512-s0J9SEVYAEPg7J63GFMApLYzPH9VNIQIyC6s15JpnqVc0TqcKWdbgFlnAweEBRyMmko2dcs2sfC83Hj4J43tuA=="],

    "jose": ["jose@6.2.12", "", {}, "sha512-9NiFmJEex0sy2Dk58j2UGBSHgUs2ypF9eZSu4L6vjOX3Dp96Sw1F3uL+H+D1sx02jZZdzUT0HgvCy59CuvXcWw=="],

    "jsox": ["jsox@1.2.128", "", { "bin": { "jsox": "lib/cli.js" } }, "sha512-F73+D0uUYVLU+A0YqKMz7XSlX9kcoitt6NcU7azv3Fa6X4dt4+ihXfjcWUVJDcQQ874evDM1BQOHvRa338pxNA=="],

    "moo": ["moo@0.5.3", "", {}, "sha512-m2fmM2dDm7GZQsY7KK2cme8agi+AAljILjQnof7p1ZMDe6dQ4bdnSMx0cPppudoeNv5hEFQirN6u+O4fDE0IWA=="],

    "nearley": ["nearley@2.20.1", "", { "dependencies": { "commander": "^2.19.0", "moo": "^0.5.0", "railroad-diagrams": "^1.0.0", "randexp": "0.4.6" }, "bin": { "nearleyc": "bin/nearleyc.js", "nearley-test": "bin/nearley-test.js", "nearley-unparse": "bin/nearley-unparse.js", "nearley-railroad": "bin/nearley-railroad.js" } }, "sha512-+Mc8UaAebFzgV+KpI5n7DasuuQCHA89dmwm7JXw3TV43ukfNQ9DnBH3Mdb2g/I4Fdxc26pwimBWvjIw0UAILSQ=="],

    "node-sql-parser": ["node-sql-parser@5.4.0", "", { "dependencies": { "@types/pegjs": "^0.10.0", "big-integer": "^1.6.48" } }, "sha512-jVe6Z61gPcPjCElPZ6j8llB3wnqGcuQzefim1ERsqIakxnEy5JlzV7XKdO1KmacRG5TKwPc4vJTgSRQ0LfkbFw=="],

    "prettier": ["prettier@3.9.9", "", { "bin": { "prettier": "bin/prettier.cjs" } }, "sha512-Z/CJHIkdujO/OtN7nXUii0Rf3VT5SRuhjBA82Xvu2XhBUgX3nhP67T0LHceBdQLex7OOFGTox+Q5Yg8Jk2Qivg=="],

    "prettier-plugin-organize-imports": ["prettier-plugin-organize-imports@4.3.0", "", { "peerDependencies": { "prettier": ">=2.0", "typescript": ">=2.9", "vue-tsc": "^2.1.0 || 3" }, "optionalPeers": ["vue-tsc"] }, "sha512-FxFz0qFhyBsGdIsb697f/EkvHzi5SZOhWAjxcx2dLt+Q532bAlhswcXGYB1yzjZ69kW8UoadFBw7TyNwlq96Iw=="],

    "prettier-plugin-sql": ["prettier-plugin-sql@0.20.0", "", { "dependencies": { "jsox": "^1.2.123", "node-sql-parser": "^5.3.10", "sql-formatter": "^15.7.0", "tslib": "^2.8.1" }, "peerDependencies": { "prettier": "^3.0.3" } }, "sha512-7GRuduJIbWd10bFfYdFuymZdcVF37ZCukiuVi2a4c5ccqjAxHQtKbK7zSKyqGrFjCOBLQVVz4BStKWV7YvxAFA=="],

    "railroad-diagrams": ["railroad-diagrams@1.0.0", "", {}, "sha512-cz93DjNeLY0idrCNOH6PviZGRN9GJhsdm9hpn1YCS879fj4W+x5IFJhhkRZcwVgMmFF7R82UA/7Oh+R8lLZg6A=="],

    "randexp": ["randexp@0.4.6", "", { "dependencies": { "discontinuous-range": "1.0.0", "ret": "~0.1.10" } }, "sha512-80WNmd9DA0tmZrw9qQa62GPPWfuXJknrmVmLcxvq4uZBdYqb1wYoKTmnlGUchvVWe0XiLupYkBoXVOxz3C8DYQ=="],

    "ret": ["ret@0.1.15", "", {}, "sha512-TTlYpa+OL+vMMNG24xSlQGEJ3B/RzEfUlLct7b5G/ytav+wPrplCpVMFuwzXbkecJrb6IYo1iFb0S9v37754mg=="],

    "sql-formatter": ["sql-formatter@15.9.0", "", { "dependencies": { "argparse": "^2.0.1", "nearley": "^2.20.1" }, "bin": { "sql-formatter": "bin/sql-formatter-cli.cjs" } }, "sha512-3A/N+v+mA5/PDU+FlO4uTFE0L/Mmg63c/Ny161Qv2b1Mxp9IX8War+LLmq17LA/Kgu4KXAR7iutK2JaHWJMMtw=="],

    "supabase": ["supabase@2.117.0", "", { "dependencies": { "eciesjs": "^0.5.0", "jose": "^6.2.10" }, "optionalDependencies": { "@supabase/cli-darwin-arm64": "2.117.0", "@supabase/cli-darwin-x64": "2.117.0", "@supabase/cli-linux-arm64": "2.117.0", "@supabase/cli-linux-arm64-musl": "2.117.0", "@supabase/cli-linux-x64": "2.117.0", "@supabase/cli-linux-x64-musl": "2.117.0", "@supabase/cli-windows-arm64": "2.117.0", "@supabase/cli-windows-x64": "2.117.0" }, "bin": { "supabase": "dist/supabase.js" } }, "sha512-V4UDf/kgrqllHbc22vs89bL7pdBj3xhVolvDflByS5FuJb+tXpWhHZxYEbBQspxA0fBzaj+lpiedB72xTAZA4w=="],

    "tslib": ["tslib@2.8.1", "", {}, "sha512-oJFu94HQb+KVduSUQL7wnpmqnfmLsOA/nAh6b6EH0wCEoK0/mPeXU6c3wKDV83MkOuHPRHtSXKKU99IBazS/2w=="],

    "typescript": ["typescript@6.0.3", "", { "bin": { "tsc": "bin/tsc", "tsserver": "bin/tsserver" } }, "sha512-y2TvuxSZPDyQakkFRPZHKFm+KKVqIisdg9/CZwm9ftvKXLP8NRWj38/ODjNbr43SsoXqNuAisEf1GdCxqWcdBw=="],
  }
}
